
Microsoft Visual Studio Solution File, Format Version 12.00
# Visual Studio 15
VisualStudioVersion = 15.0.28307.902
MinimumVisualStudioVersion = 10.0.40219.1
Project("{FAE04EC0-301F-11D3-BF4B-00C04F79EFBC}") = "RussianRoulette", "RussianRoulette\RussianRoulette.csproj", "{C35CA733-016A-49C5-95FE-0A46FF8CA653}"
EndProject
Project("{FAE04EC0-301F-11D3-BF4B-00C04F79EFBC}") = "UnitTesting", "UnitTesting\UnitTesting.csproj", "{98D584BE-1D89-4F70-BDDE-4FB81B0C619B}"
EndProject
Global
	GlobalSection(SolutionConfigurationPlatforms) = preSolution
		Debug|Any CPU = Debug|Any CPU
		Release|Any CPU = Release|Any CPU
	EndGlobalSection
	GlobalSection(ProjectConfigurationPlatforms) = postSolution
		{C35CA733-016A-49C5-95FE-0A46FF8CA653}.Debug|Any CPU.ActiveCfg = Debug|Any CPU
		{C35CA733-016A-49C5-95FE-0A46FF8CA653}.Debug|Any CPU.Build.0 = Debug|Any CPU
		{C35CA733-016A-49C5-95FE-0A46FF8CA653}.Release|Any CPU.ActiveCfg = Release|Any CPU
		{C35CA733-016A-49C5-95FE-0A46FF8CA653}.Release|Any CPU.Build.0 = Release|Any CPU
		{98D584BE-1D89-4F70-BDDE-4FB81B0C619B}.Debug|Any CPU.ActiveCfg = Debug|Any CPU
		{98D584BE-1D89-4F70-BDDE-4FB81B0C619B}.Debug|Any CPU.Build.0 = Debug|Any CPU
		{98D584BE-1D89-4F70-BDDE-4FB81B0C619B}.Release|Any CPU.ActiveCfg = Release|Any CPU
		{98D584BE-1D89-4F70-BDDE-4FB81B0C619B}.Release|Any CPU.Build.0 = Release|Any CPU
	EndGlobalSection
	GlobalSection(SolutionProperties) = preSolution
		HideSolutionNode = FALSE
	EndGlobalSection
	GlobalSection(ExtensibilityGlobals) = postSolution
		SolutionGuid = {14FFCF5D-E2A6-4894-913A-2ACB3D7ACA7F}
	EndGlobalSection
EndGlobal
